
Microsoft Visual Studio Solution File, Format Version 12.00
# Visual Studio Version 16
VisualStudioVersion = 16.0.32602.291
MinimumVisualStudioVersion = 10.0.40219.1
Project("{FAE04EC0-301F-11D3-BF4B-00C04F79EFBC}") = "DoctorsDetails.WebApi", "DoctorsDetails.WebApi\DoctorsDetails.WebApi.csproj", "{2ECBA0E6-B19A-4B66-B8F9-E625F960518C}"
EndProject
Global
	GlobalSection(SolutionConfigurationPlatforms) = preSolution
		Debug|Any CPU = Debug|Any CPU
		Release|Any CPU = Release|Any CPU
	EndGlobalSection
	GlobalSection(ProjectConfigurationPlatforms) = postSolution
		{2ECBA0E6-B19A-4B66-B8F9-E625F960518C}.Debug|Any CPU.ActiveCfg = Debug|Any CPU
		{2ECBA0E6-B19A-4B66-B8F9-E625F960518C}.Debug|Any CPU.Build.0 = Debug|Any CPU
		{2ECBA0E6-B19A-4B66-B8F9-E625F960518C}.Release|Any CPU.ActiveCfg = Release|Any CPU
		{2ECBA0E6-B19A-4B66-B8F9-E625F960518C}.Release|Any CPU.Build.0 = Release|Any CPU
	EndGlobalSection
	GlobalSection(SolutionProperties) = preSolution
		HideSolutionNode = FALSE
	EndGlobalSection
	GlobalSection(ExtensibilityGlobals) = postSolution
		SolutionGuid = {96D33D80-38F8-4B07-80D8-8BADDF0C6CC6}
	EndGlobalSection
EndGlobal
