
Microsoft Visual Studio Solution File, Format Version 12.00
# Visual Studio Version 16
VisualStudioVersion = 16.0.32602.291
MinimumVisualStudioVersion = 10.0.40219.1
Project("{9A19103F-16F7-4668-BE54-9A1E7A4F7556}") = "DataAccessLayers", "DataAccessLayers\DataAccessLayers.csproj", "{17E7A719-9DE3-4BF7-9E9E-24BFE0DF8769}"
EndProject
Project("{9A19103F-16F7-4668-BE54-9A1E7A4F7556}") = "DoctorsWebApplictaion.Api", "DoctorsWebApplictaion.Api\DoctorsWebApplictaion.Api.csproj", "{32E43808-A279-4ACE-AB5E-BA94CCF5F668}"
EndProject
Global
	GlobalSection(SolutionConfigurationPlatforms) = preSolution
		Debug|Any CPU = Debug|Any CPU
		Release|Any CPU = Release|Any CPU
	EndGlobalSection
	GlobalSection(ProjectConfigurationPlatforms) = postSolution
		{17E7A719-9DE3-4BF7-9E9E-24BFE0DF8769}.Debug|Any CPU.ActiveCfg = Debug|Any CPU
		{17E7A719-9DE3-4BF7-9E9E-24BFE0DF8769}.Debug|Any CPU.Build.0 = Debug|Any CPU
		{17E7A719-9DE3-4BF7-9E9E-24BFE0DF8769}.Release|Any CPU.ActiveCfg = Release|Any CPU
		{17E7A719-9DE3-4BF7-9E9E-24BFE0DF8769}.Release|Any CPU.Build.0 = Release|Any CPU
		{32E43808-A279-4ACE-AB5E-BA94CCF5F668}.Debug|Any CPU.ActiveCfg = Debug|Any CPU
		{32E43808-A279-4ACE-AB5E-BA94CCF5F668}.Debug|Any CPU.Build.0 = Debug|Any CPU
		{32E43808-A279-4ACE-AB5E-BA94CCF5F668}.Release|Any CPU.ActiveCfg = Release|Any CPU
		{32E43808-A279-4ACE-AB5E-BA94CCF5F668}.Release|Any CPU.Build.0 = Release|Any CPU
	EndGlobalSection
	GlobalSection(SolutionProperties) = preSolution
		HideSolutionNode = FALSE
	EndGlobalSection
	GlobalSection(ExtensibilityGlobals) = postSolution
		SolutionGuid = {96D33D80-38F8-4B07-80D8-8BADDF0C6CC6}
	EndGlobalSection
EndGlobal
